
Microsoft Visual Studio Solution File, Format Version 12.00
# Visual Studio Version 17
VisualStudioVersion = 17.12.35506.116
MinimumVisualStudioVersion = 10.0.40219.1
Project("{FAE04EC0-301F-11D3-BF4B-00C04F79EFBC}") = "Presentation.Console_MainApp", "Presentation.Console_MainApp\Presentation.Console_MainApp.csproj", "{A2946807-B38C-4809-9D41-D00A232C5213}"
EndProject
Project("{FAE04EC0-301F-11D3-BF4B-00C04F79EFBC}") = "Business", "Business\Business.csproj", "{584051C2-9BB4-4F9F-A806-401FF7EE6531}"
EndProject
Project("{FAE04EC0-301F-11D3-BF4B-00C04F79EFBC}") = "Business.tests", "Business.tests\Business.tests.csproj", "{08B31615-689C-4069-9DB6-A28C9E0FB32E}"
EndProject
Global
	GlobalSection(SolutionConfigurationPlatforms) = preSolution
		Debug|Any CPU = Debug|Any CPU
		Release|Any CPU = Release|Any CPU
	EndGlobalSection
	GlobalSection(ProjectConfigurationPlatforms) = postSolution
		{A2946807-B38C-4809-9D41-D00A232C5213}.Debug|Any CPU.ActiveCfg = Debug|Any CPU
		{A2946807-B38C-4809-9D41-D00A232C5213}.Debug|Any CPU.Build.0 = Debug|Any CPU
		{A2946807-B38C-4809-9D41-D00A232C5213}.Release|Any CPU.ActiveCfg = Release|Any CPU
		{A2946807-B38C-4809-9D41-D00A232C5213}.Release|Any CPU.Build.0 = Release|Any CPU
		{584051C2-9BB4-4F9F-A806-401FF7EE6531}.Debug|Any CPU.ActiveCfg = Debug|Any CPU
		{584051C2-9BB4-4F9F-A806-401FF7EE6531}.Debug|Any CPU.Build.0 = Debug|Any CPU
		{584051C2-9BB4-4F9F-A806-401FF7EE6531}.Release|Any CPU.ActiveCfg = Release|Any CPU
		{584051C2-9BB4-4F9F-A806-401FF7EE6531}.Release|Any CPU.Build.0 = Release|Any CPU
		{08B31615-689C-4069-9DB6-A28C9E0FB32E}.Debug|Any CPU.ActiveCfg = Debug|Any CPU
		{08B31615-689C-4069-9DB6-A28C9E0FB32E}.Debug|Any CPU.Build.0 = Debug|Any CPU
		{08B31615-689C-4069-9DB6-A28C9E0FB32E}.Release|Any CPU.ActiveCfg = Release|Any CPU
		{08B31615-689C-4069-9DB6-A28C9E0FB32E}.Release|Any CPU.Build.0 = Release|Any CPU
	EndGlobalSection
	GlobalSection(SolutionProperties) = preSolution
		HideSolutionNode = FALSE
	EndGlobalSection
EndGlobal
